// !$*UTF8*$!
{
	archiveVersion = 1;
	classes = {
	};
	objectVersion = 46;
	objects = {

/* Begin PBXBuildFile section */
		A7FD61D41A080A2E000493E0 /* AppDelegate.swift in Sources */ = {isa = PBXBuildFile; fileRef = A7FD61D31A080A2E000493E0 /* AppDelegate.swift */; };
		A7FD61D71A080A2E000493E0 /* Tempora_iOS.xcdatamodeld in Sources */ = {isa = PBXBuildFile; fileRef = A7FD61D51A080A2E000493E0 /* Tempora_iOS.xcdatamodeld */; };
		A7FD61D91A080A2E000493E0 /* MeViewController.swift in Sources */ = {isa = PBXBuildFile; fileRef = A7FD61D81A080A2E000493E0 /* MeViewController.swift */; };
		A7FD61DE1A080A2E000493E0 /* Images.xcassets in Resources */ = {isa = PBXBuildFile; fileRef = A7FD61DD1A080A2E000493E0 /* Images.xcassets */; };
		A7FD61E11A080A2E000493E0 /* LaunchScreen.xib in Resources */ = {isa = PBXBuildFile; fileRef = A7FD61DF1A080A2E000493E0 /* LaunchScreen.xib */; };
		A7FD61ED1A080A2F000493E0 /* Tempora_iOSTests.swift in Sources */ = {isa = PBXBuildFile; fileRef = A7FD61EC1A080A2F000493E0 /* Tempora_iOSTests.swift */; };
/* End PBXBuildFile section */

/* Begin PBXContainerItemProxy section */
		A7FD61E71A080A2F000493E0 /* PBXContainerItemProxy */ = {
			isa = PBXContainerItemProxy;
			containerPortal = A7FD61C61A080A2E000493E0 /* Project object */;
			proxyType = 1;
			remoteGlobalIDString = A7FD61CD1A080A2E000493E0;
			remoteInfo = "Tempora iOS";
		};
/* End PBXContainerItemProxy section */

/* Begin PBXFileReference section */
		A7FD61CE1A080A2E000493E0 /* Tempora iOS.app */ = {isa = PBXFileReference; explicitFileType = wrapper.application; includeInIndex = 0; path = "Tempora iOS.app"; sourceTree = BUILT_PRODUCTS_DIR; };
		A7FD61D21A080A2E000493E0 /* Info.plist */ = {isa = PBXFileReference; lastKnownFileType = text.plist.xml; path = Info.plist; sourceTree = "<group>"; };
		A7FD61D31A080A2E000493E0 /* AppDelegate.swift */ = {isa = PBXFileReference; lastKnownFileType = sourcecode.swift; path = AppDelegate.swift; sourceTree = "<group>"; };
		A7FD61D61A080A2E000493E0 /* Tempora_iOS.xcdatamodel */ = {isa = PBXFileReference; lastKnownFileType = wrapper.xcdatamodel; path = Tempora_iOS.xcdatamodel; sourceTree = "<group>"; };
		A7FD61D81A080A2E000493E0 /* MeViewController.swift */ = {isa = PBXFileReference; lastKnownFileType = sourcecode.swift; path = MeViewController.swift; sourceTree = "<group>"; };
		A7FD61DD1A080A2E000493E0 /* Images.xcassets */ = {isa = PBXFileReference; lastKnownFileType = folder.assetcatalog; path = Images.xcassets; sourceTree = "<group>"; };
		A7FD61E01A080A2E000493E0 /* Base */ = {isa = PBXFileReference; lastKnownFileType = file.xib; name = Base; path = Base.lproj/LaunchScreen.xib; sourceTree = "<group>"; };
		A7FD61E61A080A2F000493E0 /* Tempora iOSTests.xctest */ = {isa = PBXFileReference; explicitFileType = wrapper.cfbundle; includeInIndex = 0; path = "Tempora iOSTests.xctest"; sourceTree = BUILT_PRODUCTS_DIR; };
		A7FD61EB1A080A2F000493E0 /* Info.plist */ = {isa = PBXFileReference; lastKnownFileType = text.plist.xml; path = Info.plist; sourceTree = "<group>"; };
		A7FD61EC1A080A2F000493E0 /* Tempora_iOSTests.swift */ = {isa = PBXFileReference; lastKnownFileType = sourcecode.swift; path = Tempora_iOSTests.swift; sourceTree = "<group>"; };
/* End PBXFileReference section */

/* Begin PBXFrameworksBuildPhase section */
		A7FD61CB1A080A2E000493E0 /* Frameworks */ = {
			isa = PBXFrameworksBuildPhase;
			buildActionMask = 2147483647;
			files = (
			);
			runOnlyForDeploymentPostprocessing = 0;
		};
		A7FD61E31A080A2F000493E0 /* Frameworks */ = {
			isa = PBXFrameworksBuildPhase;
			buildActionMask = 2147483647;
			files = (
			);
			runOnlyForDeploymentPostprocessing = 0;
		};
/* End PBXFrameworksBuildPhase section */

/* Begin PBXGroup section */
		A7FD61C51A080A2E000493E0 = {
			isa = PBXGroup;
			children = (
				A7FD61D01A080A2E000493E0 /* Tempora iOS */,
				A7FD61E91A080A2F000493E0 /* Tempora iOSTests */,
				A7FD61CF1A080A2E000493E0 /* Products */,
			);
			sourceTree = "<group>";
		};
		A7FD61CF1A080A2E000493E0 /* Products */ = {
			isa = PBXGroup;
			children = (
				A7FD61CE1A080A2E000493E0 /* Tempora iOS.app */,
				A7FD61E61A080A2F000493E0 /* Tempora iOSTests.xctest */,
			);
			name = Products;
			sourceTree = "<group>";
		};
		A7FD61D01A080A2E000493E0 /* Tempora iOS */ = {
			isa = PBXGroup;
			children = (
				A7FD61D31A080A2E000493E0 /* AppDelegate.swift */,
				A7FD61D81A080A2E000493E0 /* MeViewController.swift */,
				A7FD61DD1A080A2E000493E0 /* Images.xcassets */,
				A7FD61DF1A080A2E000493E0 /* LaunchScreen.xib */,
				A7FD61D51A080A2E000493E0 /* Tempora_iOS.xcdatamodeld */,
				A7FD61D11A080A2E000493E0 /* Supporting Files */,
			);
			path = "Tempora iOS";
			sourceTree = "<group>";
		};
		A7FD61D11A080A2E000493E0 /* Supporting Files */ = {
			isa = PBXGroup;
			children = (
				A7FD61D21A080A2E000493E0 /* Info.plist */,
			);
			name = "Supporting Files";
			sourceTree = "<group>";
		};
		A7FD61E91A080A2F000493E0 /* Tempora iOSTests */ = {
			isa = PBXGroup;
			children = (
				A7FD61EC1A080A2F000493E0 /* Tempora_iOSTests.swift */,
				A7FD61EA1A080A2F000493E0 /* Supporting Files */,
			);
			path = "Tempora iOSTests";
			sourceTree = "<group>";
		};
		A7FD61EA1A080A2F000493E0 /* Supporting Files */ = {
			isa = PBXGroup;
			children = (
				A7FD61EB1A080A2F000493E0 /* Info.plist */,
			);
			name = "Supporting Files";
			sourceTree = "<group>";
		};
/* End PBXGroup section */

/* Begin PBXNativeTarget section */
		A7FD61CD1A080A2E000493E0 /* Tempora iOS */ = {
			isa = PBXNativeTarget;
			buildConfigurationList = A7FD61F01A080A2F000493E0 /* Build configuration list for PBXNativeTarget "Tempora iOS" */;
			buildPhases = (
				A7FD61CA1A080A2E000493E0 /* Sources */,
				A7FD61CB1A080A2E000493E0 /* Frameworks */,
				A7FD61CC1A080A2E000493E0 /* Resources */,
			);
			buildRules = (
			);
			dependencies = (
			);
			name = "Tempora iOS";
			productName = "Tempora iOS";
			productReference = A7FD61CE1A080A2E000493E0 /* Tempora iOS.app */;
			productType = "com.apple.product-type.application";
		};
		A7FD61E51A080A2F000493E0 /* Tempora iOSTests */ = {
			isa = PBXNativeTarget;
			buildConfigurationList = A7FD61F31A080A2F000493E0 /* Build configuration list for PBXNativeTarget "Tempora iOSTests" */;
			buildPhases = (
				A7FD61E21A080A2F000493E0 /* Sources */,
				A7FD61E31A080A2F000493E0 /* Frameworks */,
				A7FD61E41A080A2F000493E0 /* Resources */,
			);
			buildRules = (
			);
			dependencies = (
				A7FD61E81A080A2F000493E0 /* PBXTargetDependency */,
			);
			name = "Tempora iOSTests";
			productName = "Tempora iOSTests";
			productReference = A7FD61E61A080A2F000493E0 /* Tempora iOSTests.xctest */;
			productType = "com.apple.product-type.bundle.unit-test";
		};
/* End PBXNativeTarget section */

/* Begin PBXProject section */
		A7FD61C61A080A2E000493E0 /* Project object */ = {
			isa = PBXProject;
			attributes = {
				CLASSPREFIX = GT;
				LastUpgradeCheck = 0610;
				ORGANIZATIONNAME = Gemstonia;
				TargetAttributes = {
					A7FD61CD1A080A2E000493E0 = {
						CreatedOnToolsVersion = 6.1;
					};
					A7FD61E51A080A2F000493E0 = {
						CreatedOnToolsVersion = 6.1;
						TestTargetID = A7FD61CD1A080A2E000493E0;
					};
				};
			};
			buildConfigurationList = A7FD61C91A080A2E000493E0 /* Build configuration list for PBXProject "Tempora iOS" */;
			compatibilityVersion = "Xcode 3.2";
			developmentRegion = English;
			hasScannedForEncodings = 0;
			knownRegions = (
				en,
				Base,
			);
			mainGroup = A7FD61C51A080A2E000493E0;
			productRefGroup = A7FD61CF1A080A2E000493E0 /* Products */;
			projectDirPath = "";
			projectRoot = "";
			targets = (
				A7FD61CD1A080A2E000493E0 /* Tempora iOS */,
				A7FD61E51A080A2F000493E0 /* Tempora iOSTests */,
			);
		};
/* End PBXProject section */

/* Begin PBXResourcesBuildPhase section */
		A7FD61CC1A080A2E000493E0 /* Resources */ = {
			isa = PBXResourcesBuildPhase;
			buildActionMask = 2147483647;
			files = (
				A7FD61E11A080A2E000493E0 /* LaunchScreen.xib in Resources */,
				A7FD61DE1A080A2E000493E0 /* Images.xcassets in Resources */,
			);
			runOnlyForDeploymentPostprocessing = 0;
		};
		A7FD61E41A080A2F000493E0 /* Resources */ = {
			isa = PBXResourcesBuildPhase;
			buildActionMask = 2147483647;
			files = (
			);
			runOnlyForDeploymentPostprocessing = 0;
		};
/* End PBXResourcesBuildPhase section */

/* Begin PBXSourcesBuildPhase section */
		A7FD61CA1A080A2E000493E0 /* Sources */ = {
			isa = PBXSourcesBuildPhase;
			buildActionMask = 2147483647;
			files = (
				A7FD61D91A080A2E000493E0 /* MeViewController.swift in Sources */,
				A7FD61D71A080A2E000493E0 /* Tempora_iOS.xcdatamodeld in Sources */,
				A7FD61D41A080A2E000493E0 /* AppDelegate.swift in Sources */,
			);
			runOnlyForDeploymentPostprocessing = 0;
		};
		A7FD61E21A080A2F000493E0 /* Sources */ = {
			isa = PBXSourcesBuildPhase;
			buildActionMask = 2147483647;
			files = (
				A7FD61ED1A080A2F000493E0 /* Tempora_iOSTests.swift in Sources */,
			);
			runOnlyForDeploymentPostprocessing = 0;
		};
/* End PBXSourcesBuildPhase section */

/* Begin PBXTargetDependency section */
		A7FD61E81A080A2F000493E0 /* PBXTargetDependency */ = {
			isa = PBXTargetDependency;
			target = A7FD61CD1A080A2E000493E0 /* Tempora iOS */;
			targetProxy = A7FD61E71A080A2F000493E0 /* PBXContainerItemProxy */;
		};
/* End PBXTargetDependency section */

/* Begin PBXVariantGroup section */
		A7FD61DF1A080A2E000493E0 /* LaunchScreen.xib */ = {
			isa = PBXVariantGroup;
			children = (
				A7FD61E01A080A2E000493E0 /* Base */,
			);
			name = LaunchScreen.xib;
			sourceTree = "<group>";
		};
/* End PBXVariantGroup section */

/* Begin XCBuildConfiguration section */
		A7FD61EE1A080A2F000493E0 /* Debug */ = {
			isa = XCBuildConfiguration;
			buildSettings = {
				ALWAYS_SEARCH_USER_PATHS = NO;
				CLANG_CXX_LANGUAGE_STANDARD = "gnu++0x";
				CLANG_CXX_LIBRARY = "libc++";
				CLANG_ENABLE_MODULES = YES;
				CLANG_ENABLE_OBJC_ARC = YES;
				CLANG_WARN_BOOL_CONVERSION = YES;
				CLANG_WARN_CONSTANT_CONVERSION = YES;
				CLANG_WARN_DIRECT_OBJC_ISA_USAGE = YES_ERROR;
				CLANG_WARN_EMPTY_BODY = YES;
				CLANG_WARN_ENUM_CONVERSION = YES;
				CLANG_WARN_INT_CONVERSION = YES;
				CLANG_WARN_OBJC_ROOT_CLASS = YES_ERROR;
				CLANG_WARN_UNREACHABLE_CODE = YES;
				CLANG_WARN__DUPLICATE_METHOD_MATCH = YES;
				"CODE_SIGN_IDENTITY[sdk=iphoneos*]" = "iPhone Developer";
				COPY_PHASE_STRIP = NO;
				ENABLE_STRICT_OBJC_MSGSEND = YES;
				GCC_C_LANGUAGE_STANDARD = gnu99;
				GCC_DYNAMIC_NO_PIC = NO;
				GCC_OPTIMIZATION_LEVEL = 0;
				GCC_PREPROCESSOR_DEFINITIONS = (
					"DEBUG=1",
					"$(inherited)",
				);
				GCC_SYMBOLS_PRIVATE_EXTERN = NO;
				GCC_WARN_64_TO_32_BIT_CONVERSION = YES;
				GCC_WARN_ABOUT_RETURN_TYPE = YES_ERROR;
				GCC_WARN_UNDECLARED_SELECTOR = YES;
				GCC_WARN_UNINITIALIZED_AUTOS = YES_AGGRESSIVE;
				GCC_WARN_UNUSED_FUNCTION = YES;
				GCC_WARN_UNUSED_VARIABLE = YES;
				IPHONEOS_DEPLOYMENT_TARGET = 8.3;
				MTL_ENABLE_DEBUG_INFO = YES;
				ONLY_ACTIVE_ARCH = YES;
				SDKROOT = iphoneos;
				SWIFT_OPTIMIZATION_LEVEL = "-Onone";
				TARGETED_DEVICE_FAMILY = "1,2";
			};
			name = Debug;
		};
		A7FD61EF1A080A2F000493E0 /* Release */ = {
			isa = XCBuildConfiguration;
			buildSettings = {
				ALWAYS_SEARCH_USER_PATHS = NO;
				CLANG_CXX_LANGUAGE_STANDARD = "gnu++0x";
				CLANG_CXX_LIBRARY = "libc++";
				CLANG_ENABLE_MODULES = YES;
				CLANG_ENABLE_OBJC_ARC = YES;
				CLANG_WARN_BOOL_CONVERSION = YES;
				CLANG_WARN_CONSTANT_CONVERSION = YES;
				CLANG_WARN_DIRECT_OBJC_ISA_USAGE = YES_ERROR;
				CLANG_WARN_EMPTY_BODY = YES;
				CLANG_WARN_ENUM_CONVERSION = YES;
				CLANG_WARN_INT_CONVERSION = YES;
				CLANG_WARN_OBJC_ROOT_CLASS = YES_ERROR;
				CLANG_WARN_UNREACHABLE_CODE = YES;
				CLANG_WARN__DUPLICATE_METHOD_MATCH = YES;
				"CODE_SIGN_IDENTITY[sdk=iphoneos*]" = "iPhone Developer";
				COPY_PHASE_STRIP = YES;
				ENABLE_NS_ASSERTIONS = NO;
				ENABLE_STRICT_OBJC_MSGSEND = YES;
				GCC_C_LANGUAGE_STANDARD = gnu99;
				GCC_WARN_64_TO_32_BIT_CONVERSION = YES;
				GCC_WARN_ABOUT_RETURN_TYPE = YES_ERROR;
				GCC_WARN_UNDECLARED_SELECTOR = YES;
				GCC_WARN_UNINITIALIZED_AUTOS = YES_AGGRESSIVE;
				GCC_WARN_UNUSED_FUNCTION = YES;
				GCC_WARN_UNUSED_VARIABLE = YES;
				IPHONEOS_DEPLOYMENT_TARGET = 8.3;
				MTL_ENABLE_DEBUG_INFO = NO;
				SDKROOT = iphoneos;
				TARGETED_DEVICE_FAMILY = "1,2";
				VALIDATE_PRODUCT = YES;
			};
			name = Release;
		};
		A7FD61F11A080A2F000493E0 /* Debug */ = {
			isa = XCBuildConfiguration;
			buildSettings = {
				ASSETCATALOG_COMPILER_APPICON_NAME = AppIcon;
				INFOPLIST_FILE = "Tempora iOS/Info.plist";
				IPHONEOS_DEPLOYMENT_TARGET = 8.3;
				LD_RUNPATH_SEARCH_PATHS = "$(inherited) @executable_path/Frameworks";
				PRODUCT_NAME = "$(TARGET_NAME)";
				VERSIONING_SYSTEM = "apple-generic";
			};
			name = Debug;
		};
		A7FD61F21A080A2F000493E0 /* Release */ = {
			isa = XCBuildConfiguration;
			buildSettings = {
				ASSETCATALOG_COMPILER_APPICON_NAME = AppIcon;
				INFOPLIST_FILE = "Tempora iOS/Info.plist";
				IPHONEOS_DEPLOYMENT_TARGET = 8.3;
				LD_RUNPATH_SEARCH_PATHS = "$(inherited) @executable_path/Frameworks";
				PRODUCT_NAME = "$(TARGET_NAME)";
				VERSIONING_SYSTEM = "apple-generic";
			};
			name = Release;
		};
		A7FD61F41A080A2F000493E0 /* Debug */ = {
			isa = XCBuildConfiguration;
			buildSettings = {
				BUNDLE_LOADER = "$(TEST_HOST)";
				FRAMEWORK_SEARCH_PATHS = (
					"$(SDKROOT)/Developer/Library/Frameworks",
					"$(inherited)",
				);
				GCC_PREPROCESSOR_DEFINITIONS = (
					"DEBUG=1",
					"$(inherited)",
				);
				INFOPLIST_FILE = "Tempora iOSTests/Info.plist";
				LD_RUNPATH_SEARCH_PATHS = "$(inherited) @executable_path/Frameworks @loader_path/Frameworks";
				PRODUCT_NAME = "$(TARGET_NAME)";
				TEST_HOST = "$(BUILT_PRODUCTS_DIR)/Tempora iOS.app/Tempora iOS";
			};
			name = Debug;
		};
		A7FD61F51A080A2F000493E0 /* Release */ = {
			isa = XCBuildConfiguration;
			buildSettings = {
				BUNDLE_LOADER = "$(TEST_HOST)";
				FRAMEWORK_SEARCH_PATHS = (
					"$(SDKROOT)/Developer/Library/Frameworks",
					"$(inherited)",
				);
				INFOPLIST_FILE = "Tempora iOSTests/Info.plist";
				LD_RUNPATH_SEARCH_PATHS = "$(inherited) @executable_path/Frameworks @loader_path/Frameworks";
				PRODUCT_NAME = "$(TARGET_NAME)";
				TEST_HOST = "$(BUILT_PRODUCTS_DIR)/Tempora iOS.app/Tempora iOS";
			};
			name = Release;
		};
/* End XCBuildConfiguration section */

/* Begin XCConfigurationList section */
		A7FD61C91A080A2E000493E0 /* Build configuration list for PBXProject "Tempora iOS" */ = {
			isa = XCConfigurationList;
			buildConfigurations = (
				A7FD61EE1A080A2F000493E0 /* Debug */,
				A7FD61EF1A080A2F000493E0 /* Release */,
			);
			defaultConfigurationIsVisible = 0;
			defaultConfigurationName = Release;
		};
		A7FD61F01A080A2F000493E0 /* Build configuration list for PBXNativeTarget "Tempora iOS" */ = {
			isa = XCConfigurationList;
			buildConfigurations = (
				A7FD61F11A080A2F000493E0 /* Debug */,
				A7FD61F21A080A2F000493E0 /* Release */,
			);
			defaultConfigurationIsVisible = 0;
			defaultConfigurationName = Release;
		};
		A7FD61F31A080A2F000493E0 /* Build configuration list for PBXNativeTarget "Tempora iOSTests" */ = {
			isa = XCConfigurationList;
			buildConfigurations = (
				A7FD61F41A080A2F000493E0 /* Debug */,
				A7FD61F51A080A2F000493E0 /* Release */,
			);
			defaultConfigurationIsVisible = 0;
			defaultConfigurationName = Release;
		};
/* End XCConfigurationList section */

/* Begin XCVersionGroup section */
		A7FD61D51A080A2E000493E0 /* Tempora_iOS.xcdatamodeld */ = {
			isa = XCVersionGroup;
			children = (
				A7FD61D61A080A2E000493E0 /* Tempora_iOS.xcdatamodel */,
			);
			currentVersion = A7FD61D61A080A2E000493E0 /* Tempora_iOS.xcdatamodel */;
			path = Tempora_iOS.xcdatamodeld;
			sourceTree = "<group>";
			versionGroupType = wrapper.xcdatamodel;
		};
/* End XCVersionGroup section */
	};
	rootObject = A7FD61C61A080A2E000493E0 /* Project object */;
}
